{
  "name": "AnyMeasure",
  "lockfileVersion": 2,
  "requires": true,
  "packages": {
    "": {
      "dependencies": {
        "@markdoc/markdoc": "^0.1.2"
      }
    },
    "node_modules/@markdoc/markdoc": {
      "version": "0.1.2",
      "resolved": "https://registry.npmjs.org/@markdoc/markdoc/-/markdoc-0.1.2.tgz",
      "integrity": "sha512-3p+JTC1A0eqBdrl2UOIRoy+FLKtG1mh81R3Zzdm7FJiQIMt2mJmqmVQNDf3Md62G9rTtbj0ZuxlEattMbaslbw==",
      "engines": {
        "node": ">=14.7.0"
      }
    }
  },
  "dependencies": {
    "@markdoc/markdoc": {
      "version": "0.1.2",
      "resolved": "https://registry.npmjs.org/@markdoc/markdoc/-/markdoc-0.1.2.tgz",
      "integrity": "sha512-3p+JTC1A0eqBdrl2UOIRoy+FLKtG1mh81R3Zzdm7FJiQIMt2mJmqmVQNDf3Md62G9rTtbj0ZuxlEattMbaslbw=="
    }
  }
}
